
Microsoft Visual Studio Solution File, Format Version 12.00
# Visual Studio 15
VisualStudioVersion = 15.0.26730.15
MinimumVisualStudioVersion = 10.0.40219.1
Project("{FAE04EC0-301F-11D3-BF4B-00C04F79EFBC}") = "StudentAndTeacherTest", "StudentAndTeacherTest\StudentAndTeacherTest.csproj", "{D0AA681E-EA24-40A5-A47D-B762F5F7A7B0}"
EndProject
Global
	GlobalSection(SolutionConfigurationPlatforms) = preSolution
		Debug|Any CPU = Debug|Any CPU
		Release|Any CPU = Release|Any CPU
	EndGlobalSection
	GlobalSection(ProjectConfigurationPlatforms) = postSolution
		{D0AA681E-EA24-40A5-A47D-B762F5F7A7B0}.Debug|Any CPU.ActiveCfg = Debug|Any CPU
		{D0AA681E-EA24-40A5-A47D-B762F5F7A7B0}.Debug|Any CPU.Build.0 = Debug|Any CPU
		{D0AA681E-EA24-40A5-A47D-B762F5F7A7B0}.Release|Any CPU.ActiveCfg = Release|Any CPU
		{D0AA681E-EA24-40A5-A47D-B762F5F7A7B0}.Release|Any CPU.Build.0 = Release|Any CPU
	EndGlobalSection
	GlobalSection(SolutionProperties) = preSolution
		HideSolutionNode = FALSE
	EndGlobalSection
	GlobalSection(ExtensibilityGlobals) = postSolution
		SolutionGuid = {0E253F71-C626-4245-B78D-1C53FC263C63}
	EndGlobalSection
EndGlobal
